
Microsoft Visual Studio Solution File, Format Version 12.00
# Visual Studio Version 17
VisualStudioVersion = 17.0.32126.317
MinimumVisualStudioVersion = 10.0.40219.1
Project("{FAE04EC0-301F-11D3-BF4B-00C04F79EFBC}") = "broker", "broker\broker.csproj", "{75DEC9F5-2642-4FE1-8424-0C45F5A2C4CC}"
EndProject
Global
	GlobalSection(SolutionConfigurationPlatforms) = preSolution
		Debug|Any CPU = Debug|Any CPU
		Release|Any CPU = Release|Any CPU
	EndGlobalSection
	GlobalSection(ProjectConfigurationPlatforms) = postSolution
		{75DEC9F5-2642-4FE1-8424-0C45F5A2C4CC}.Debug|Any CPU.ActiveCfg = Debug|Any CPU
		{75DEC9F5-2642-4FE1-8424-0C45F5A2C4CC}.Debug|Any CPU.Build.0 = Debug|Any CPU
		{75DEC9F5-2642-4FE1-8424-0C45F5A2C4CC}.Release|Any CPU.ActiveCfg = Release|Any CPU
		{75DEC9F5-2642-4FE1-8424-0C45F5A2C4CC}.Release|Any CPU.Build.0 = Release|Any CPU
	EndGlobalSection
	GlobalSection(SolutionProperties) = preSolution
		HideSolutionNode = FALSE
	EndGlobalSection
	GlobalSection(ExtensibilityGlobals) = postSolution
		SolutionGuid = {B4207478-B2F3-4057-9095-8D79FE52180F}
	EndGlobalSection
EndGlobal
